// !$*UTF8*$!
{
	archiveVersion = 1;
	classes = {
	};
	objectVersion = 77;
	objects = {

/* Begin PBXBuildFile section */
		3FD88F222ECD9E4F004FD6A4 /* .gitignore in Resources */ = {isa = PBXBuildFile; fileRef = 3FD88F212ECD9E44004FD6A4 /* .gitignore */; };
/* End PBXBuildFile section */

/* Begin PBXContainerItemProxy section */
		3FD88EFB2ECD9B6E004FD6A4 /* PBXContainerItemProxy */ = {
			isa = PBXContainerItemProxy;
			containerPortal = 3FD88EE52ECD9B6D004FD6A4 /* Project object */;
			proxyType = 1;
			remoteGlobalIDString = 3FD88EEC2ECD9B6D004FD6A4;
			remoteInfo = S25W12URLSession;
		};
		3FD88F052ECD9B6E004FD6A4 /* PBXContainerItemProxy */ = {
			isa = PBXContainerItemProxy;
			containerPortal = 3FD88EE52ECD9B6D004FD6A4 /* Project object */;
			proxyType = 1;
			remoteGlobalIDString = 3FD88EEC2ECD9B6D004FD6A4;
			remoteInfo = S25W12URLSession;
		};
/* End PBXContainerItemProxy section */

/* Begin PBXFileReference section */
		3FD88EED2ECD9B6D004FD6A4 /* S25W12URLSession.app */ = {isa = PBXFileReference; explicitFileType = wrapper.application; includeInIndex = 0; path = S25W12URLSession.app; sourceTree = BUILT_PRODUCTS_DIR; };
		3FD88EFA2ECD9B6E004FD6A4 /* S25W12URLSessionTests.xctest */ = {isa = PBXFileReference; explicitFileType = wrapper.cfbundle; includeInIndex = 0; path = S25W12URLSessionTests.xctest; sourceTree = BUILT_PRODUCTS_DIR; };
		3FD88F042ECD9B6E004FD6A4 /* S25W12URLSessionUITests.xctest */ = {isa = PBXFileReference; explicitFileType = wrapper.cfbundle; includeInIndex = 0; path = S25W12URLSessionUITests.xctest; sourceTree = BUILT_PRODUCTS_DIR; };
		3FD88F212ECD9E44004FD6A4 /* .gitignore */ = {isa = PBXFileReference; lastKnownFileType = text; path = .gitignore; sourceTree = "<group>"; };
		3FD88F402ED44043004FD6A4 /* SongRepository.swift */ = {isa = PBXFileReference; lastKnownFileType = sourcecode.swift; path = SongRepository.swift; sourceTree = "<group>"; };
		3FD88F412ED44089004FD6A4 /* SupabaseSongRepository.swift */ = {isa = PBXFileReference; lastKnownFileType = sourcecode.swift; path = SupabaseSongRepository.swift; sourceTree = "<group>"; };
/* End PBXFileReference section */

/* Begin PBXFileSystemSynchronizedRootGroup section */
		3FD88EEF2ECD9B6D004FD6A4 /* S25W12URLSession */ = {
			isa = PBXFileSystemSynchronizedRootGroup;
			path = S25W12URLSession;
			sourceTree = "<group>";
		};
		3FD88EFD2ECD9B6E004FD6A4 /* S25W12URLSessionTests */ = {
			isa = PBXFileSystemSynchronizedRootGroup;
			path = S25W12URLSessionTests;
			sourceTree = "<group>";
		};
		3FD88F072ECD9B6E004FD6A4 /* S25W12URLSessionUITests */ = {
			isa = PBXFileSystemSynchronizedRootGroup;
			path = S25W12URLSessionUITests;
			sourceTree = "<group>";
		};
		3FD88F3A2ED43BA6004FD6A4 /* ViewModel */ = {
			isa = PBXFileSystemSynchronizedRootGroup;
			path = ViewModel;
			sourceTree = "<group>";
		};
/* End PBXFileSystemSynchronizedRootGroup section */

/* Begin PBXFrameworksBuildPhase section */
		3FD88EEA2ECD9B6D004FD6A4 /* Frameworks */ = {
			isa = PBXFrameworksBuildPhase;
			buildActionMask = 2147483647;
			files = (
			);
			runOnlyForDeploymentPostprocessing = 0;
		};
		3FD88EF72ECD9B6E004FD6A4 /* Frameworks */ = {
			isa = PBXFrameworksBuildPhase;
			buildActionMask = 2147483647;
			files = (
			);
			runOnlyForDeploymentPostprocessing = 0;
		};
		3FD88F012ECD9B6E004FD6A4 /* Frameworks */ = {
			isa = PBXFrameworksBuildPhase;
			buildActionMask = 2147483647;
			files = (
			);
			runOnlyForDeploymentPostprocessing = 0;
		};
/* End PBXFrameworksBuildPhase section */

/* Begin PBXGroup section */
		3FD88EE42ECD9B6D004FD6A4 = {
			isa = PBXGroup;
			children = (
				3FD88F3F2ED44038004FD6A4 /* Repository */,
				3FD88F3A2ED43BA6004FD6A4 /* ViewModel */,
				3FD88F212ECD9E44004FD6A4 /* .gitignore */,
				3FD88EEF2ECD9B6D004FD6A4 /* S25W12URLSession */,
				3FD88EFD2ECD9B6E004FD6A4 /* S25W12URLSessionTests */,
				3FD88F072ECD9B6E004FD6A4 /* S25W12URLSessionUITests */,
				3FD88EEE2ECD9B6D004FD6A4 /* Products */,
			);
			sourceTree = "<group>";
		};
		3FD88EEE2ECD9B6D004FD6A4 /* Products */ = {
			isa = PBXGroup;
			children = (
				3FD88EED2ECD9B6D004FD6A4 /* S25W12URLSession.app */,
				3FD88EFA2ECD9B6E004FD6A4 /* S25W12URLSessionTests.xctest */,
				3FD88F042ECD9B6E004FD6A4 /* S25W12URLSessionUITests.xctest */,
			);
			name = Products;
			sourceTree = "<group>";
		};
		3FD88F3F2ED44038004FD6A4 /* Repository */ = {
			isa = PBXGroup;
			children = (
				3FD88F412ED44089004FD6A4 /* SupabaseSongRepository.swift */,
				3FD88F402ED44043004FD6A4 /* SongRepository.swift */,
			);
			path = Repository;
			sourceTree = "<group>";
		};
/* End PBXGroup section */

/* Begin PBXNativeTarget section */
		3FD88EEC2ECD9B6D004FD6A4 /* S25W12URLSession */ = {
			isa = PBXNativeTarget;
			buildConfigurationList = 3FD88F0E2ECD9B6E004FD6A4 /* Build configuration list for PBXNativeTarget "S25W12URLSession" */;
			buildPhases = (
				3FD88EE92ECD9B6D004FD6A4 /* Sources */,
				3FD88EEA2ECD9B6D004FD6A4 /* Frameworks */,
				3FD88EEB2ECD9B6D004FD6A4 /* Resources */,
			);
			buildRules = (
			);
			dependencies = (
			);
			fileSystemSynchronizedGroups = (
				3FD88EEF2ECD9B6D004FD6A4 /* S25W12URLSession */,
				3FD88F3A2ED43BA6004FD6A4 /* ViewModel */,
			);
			name = S25W12URLSession;
			packageProductDependencies = (
			);
			productName = S25W12URLSession;
			productReference = 3FD88EED2ECD9B6D004FD6A4 /* S25W12URLSession.app */;
			productType = "com.apple.product-type.application";
		};
		3FD88EF92ECD9B6E004FD6A4 /* S25W12URLSessionTests */ = {
			isa = PBXNativeTarget;
			buildConfigurationList = 3FD88F112ECD9B6E004FD6A4 /* Build configuration list for PBXNativeTarget "S25W12URLSessionTests" */;
			buildPhases = (
				3FD88EF62ECD9B6E004FD6A4 /* Sources */,
				3FD88EF72ECD9B6E004FD6A4 /* Frameworks */,
				3FD88EF82ECD9B6E004FD6A4 /* Resources */,
			);
			buildRules = (
			);
			dependencies = (
				3FD88EFC2ECD9B6E004FD6A4 /* PBXTargetDependency */,
			);
			fileSystemSynchronizedGroups = (
				3FD88EFD2ECD9B6E004FD6A4 /* S25W12URLSessionTests */,
			);
			name = S25W12URLSessionTests;
			packageProductDependencies = (
			);
			productName = S25W12URLSessionTests;
			productReference = 3FD88EFA2ECD9B6E004FD6A4 /* S25W12URLSessionTests.xctest */;
			productType = "com.apple.product-type.bundle.unit-test";
		};
		3FD88F032ECD9B6E004FD6A4 /* S25W12URLSessionUITests */ = {
			isa = PBXNativeTarget;
			buildConfigurationList = 3FD88F142ECD9B6E004FD6A4 /* Build configuration list for PBXNativeTarget "S25W12URLSessionUITests" */;
			buildPhases = (
				3FD88F002ECD9B6E004FD6A4 /* Sources */,
				3FD88F012ECD9B6E004FD6A4 /* Frameworks */,
				3FD88F022ECD9B6E004FD6A4 /* Resources */,
			);
			buildRules = (
			);
			dependencies = (
				3FD88F062ECD9B6E004FD6A4 /* PBXTargetDependency */,
			);
			fileSystemSynchronizedGroups = (
				3FD88F072ECD9B6E004FD6A4 /* S25W12URLSessionUITests */,
			);
			name = S25W12URLSessionUITests;
			packageProductDependencies = (
			);
			productName = S25W12URLSessionUITests;
			productReference = 3FD88F042ECD9B6E004FD6A4 /* S25W12URLSessionUITests.xctest */;
			productType = "com.apple.product-type.bundle.ui-testing";
		};
/* End PBXNativeTarget section */

/* Begin PBXProject section */
		3FD88EE52ECD9B6D004FD6A4 /* Project object */ = {
			isa = PBXProject;
			attributes = {
				BuildIndependentTargetsInParallel = 1;
				LastSwiftUpdateCheck = 1640;
				LastUpgradeCheck = 1640;
				TargetAttributes = {
					3FD88EEC2ECD9B6D004FD6A4 = {
						CreatedOnToolsVersion = 16.4;
					};
					3FD88EF92ECD9B6E004FD6A4 = {
						CreatedOnToolsVersion = 16.4;
						TestTargetID = 3FD88EEC2ECD9B6D004FD6A4;
					};
					3FD88F032ECD9B6E004FD6A4 = {
						CreatedOnToolsVersion = 16.4;
						TestTargetID = 3FD88EEC2ECD9B6D004FD6A4;
					};
				};
			};
			buildConfigurationList = 3FD88EE82ECD9B6D004FD6A4 /* Build configuration list for PBXProject "S25W12URLSession" */;
			developmentRegion = en;
			hasScannedForEncodings = 0;
			knownRegions = (
				en,
				Base,
			);
			mainGroup = 3FD88EE42ECD9B6D004FD6A4;
			minimizedProjectReferenceProxies = 1;
			preferredProjectObjectVersion = 77;
			productRefGroup = 3FD88EEE2ECD9B6D004FD6A4 /* Products */;
			projectDirPath = "";
			projectRoot = "";
			targets = (
				3FD88EEC2ECD9B6D004FD6A4 /* S25W12URLSession */,
				3FD88EF92ECD9B6E004FD6A4 /* S25W12URLSessionTests */,
				3FD88F032ECD9B6E004FD6A4 /* S25W12URLSessionUITests */,
			);
		};
/* End PBXProject section */

/* Begin PBXResourcesBuildPhase section */
		3FD88EEB2ECD9B6D004FD6A4 /* Resources */ = {
			isa = PBXResourcesBuildPhase;
			buildActionMask = 2147483647;
			files = (
				3FD88F222ECD9E4F004FD6A4 /* .gitignore in Resources */,
			);
			runOnlyForDeploymentPostprocessing = 0;
		};
		3FD88EF82ECD9B6E004FD6A4 /* Resources */ = {
			isa = PBXResourcesBuildPhase;
			buildActionMask = 2147483647;
			files = (
			);
			runOnlyForDeploymentPostprocessing = 0;
		};
		3FD88F022ECD9B6E004FD6A4 /* Resources */ = {
			isa = PBXResourcesBuildPhase;
			buildActionMask = 2147483647;
			files = (
			);
			runOnlyForDeploymentPostprocessing = 0;
		};
/* End PBXResourcesBuildPhase section */

/* Begin PBXSourcesBuildPhase section */
		3FD88EE92ECD9B6D004FD6A4 /* Sources */ = {
			isa = PBXSourcesBuildPhase;
			buildActionMask = 2147483647;
			files = (
			);
			runOnlyForDeploymentPostprocessing = 0;
		};
		3FD88EF62ECD9B6E004FD6A4 /* Sources */ = {
			isa = PBXSourcesBuildPhase;
			buildActionMask = 2147483647;
			files = (
			);
			runOnlyForDeploymentPostprocessing = 0;
		};
		3FD88F002ECD9B6E004FD6A4 /* Sources */ = {
			isa = PBXSourcesBuildPhase;
			buildActionMask = 2147483647;
			files = (
			);
			runOnlyForDeploymentPostprocessing = 0;
		};
/* End PBXSourcesBuildPhase section */

/* Begin PBXTargetDependency section */
		3FD88EFC2ECD9B6E004FD6A4 /* PBXTargetDependency */ = {
			isa = PBXTargetDependency;
			target = 3FD88EEC2ECD9B6D004FD6A4 /* S25W12URLSession */;
			targetProxy = 3FD88EFB2ECD9B6E004FD6A4 /* PBXContainerItemProxy */;
		};
		3FD88F062ECD9B6E004FD6A4 /* PBXTargetDependency */ = {
			isa = PBXTargetDependency;
			target = 3FD88EEC2ECD9B6D004FD6A4 /* S25W12URLSession */;
			targetProxy = 3FD88F052ECD9B6E004FD6A4 /* PBXContainerItemProxy */;
		};
/* End PBXTargetDependency section */

/* Begin XCBuildConfiguration section */
		3FD88F0C2ECD9B6E004FD6A4 /* Debug */ = {
			isa = XCBuildConfiguration;
			buildSettings = {
				ALWAYS_SEARCH_USER_PATHS = NO;
				ASSETCATALOG_COMPILER_GENERATE_SWIFT_ASSET_SYMBOL_EXTENSIONS = YES;
				CLANG_ANALYZER_NONNULL = YES;
				CLANG_ANALYZER_NUMBER_OBJECT_CONVERSION = YES_AGGRESSIVE;
				CLANG_CXX_LANGUAGE_STANDARD = "gnu++20";
				CLANG_ENABLE_MODULES = YES;
				CLANG_ENABLE_OBJC_ARC = YES;
				CLANG_ENABLE_OBJC_WEAK = YES;
				CLANG_WARN_BLOCK_CAPTURE_AUTORELEASING = YES;
				CLANG_WARN_BOOL_CONVERSION = YES;
				CLANG_WARN_COMMA = YES;
				CLANG_WARN_CONSTANT_CONVERSION = YES;
				CLANG_WARN_DEPRECATED_OBJC_IMPLEMENTATIONS = YES;
				CLANG_WARN_DIRECT_OBJC_ISA_USAGE = YES_ERROR;
				CLANG_WARN_DOCUMENTATION_COMMENTS = YES;
				CLANG_WARN_EMPTY_BODY = YES;
				CLANG_WARN_ENUM_CONVERSION = YES;
				CLANG_WARN_INFINITE_RECURSION = YES;
				CLANG_WARN_INT_CONVERSION = YES;
				CLANG_WARN_NON_LITERAL_NULL_CONVERSION = YES;
				CLANG_WARN_OBJC_IMPLICIT_RETAIN_SELF = YES;
				CLANG_WARN_OBJC_LITERAL_CONVERSION = YES;
				CLANG_WARN_OBJC_ROOT_CLASS = YES_ERROR;
				CLANG_WARN_QUOTED_INCLUDE_IN_FRAMEWORK_HEADER = YES;
				CLANG_WARN_RANGE_LOOP_ANALYSIS = YES;
				CLANG_WARN_STRICT_PROTOTYPES = YES;
				CLANG_WARN_SUSPICIOUS_MOVE = YES;
				CLANG_WARN_UNGUARDED_AVAILABILITY = YES_AGGRESSIVE;
				CLANG_WARN_UNREACHABLE_CODE = YES;
				CLANG_WARN__DUPLICATE_METHOD_MATCH = YES;
				COPY_PHASE_STRIP = NO;
				DEBUG_INFORMATION_FORMAT = dwarf;
				ENABLE_STRICT_OBJC_MSGSEND = YES;
				ENABLE_TESTABILITY = YES;
				ENABLE_USER_SCRIPT_SANDBOXING = YES;
				GCC_C_LANGUAGE_STANDARD = gnu17;
				GCC_DYNAMIC_NO_PIC = NO;
				GCC_NO_COMMON_BLOCKS = YES;
				GCC_OPTIMIZATION_LEVEL = 0;
				GCC_PREPROCESSOR_DEFINITIONS = (
					"DEBUG=1",
					"$(inherited)",
				);
				GCC_WARN_64_TO_32_BIT_CONVERSION = YES;
				GCC_WARN_ABOUT_RETURN_TYPE = YES_ERROR;
				GCC_WARN_UNDECLARED_SELECTOR = YES;
				GCC_WARN_UNINITIALIZED_AUTOS = YES_AGGRESSIVE;
				GCC_WARN_UNUSED_FUNCTION = YES;
				GCC_WARN_UNUSED_VARIABLE = YES;
				IPHONEOS_DEPLOYMENT_TARGET = 18.5;
				LOCALIZATION_PREFERS_STRING_CATALOGS = YES;
				MTL_ENABLE_DEBUG_INFO = INCLUDE_SOURCE;
				MTL_FAST_MATH = YES;
				ONLY_ACTIVE_ARCH = YES;
				SDKROOT = iphoneos;
				SWIFT_ACTIVE_COMPILATION_CONDITIONS = "DEBUG $(inherited)";
				SWIFT_OPTIMIZATION_LEVEL = "-Onone";
			};
			name = Debug;
		};
		3FD88F0D2ECD9B6E004FD6A4 /* Release */ = {
			isa = XCBuildConfiguration;
			buildSettings = {
				ALWAYS_SEARCH_USER_PATHS = NO;
				ASSETCATALOG_COMPILER_GENERATE_SWIFT_ASSET_SYMBOL_EXTENSIONS = YES;
				CLANG_ANALYZER_NONNULL = YES;
				CLANG_ANALYZER_NUMBER_OBJECT_CONVERSION = YES_AGGRESSIVE;
				CLANG_CXX_LANGUAGE_STANDARD = "gnu++20";
				CLANG_ENABLE_MODULES = YES;
				CLANG_ENABLE_OBJC_ARC = YES;
				CLANG_ENABLE_OBJC_WEAK = YES;
				CLANG_WARN_BLOCK_CAPTURE_AUTORELEASING = YES;
				CLANG_WARN_BOOL_CONVERSION = YES;
				CLANG_WARN_COMMA = YES;
				CLANG_WARN_CONSTANT_CONVERSION = YES;
				CLANG_WARN_DEPRECATED_OBJC_IMPLEMENTATIONS = YES;
				CLANG_WARN_DIRECT_OBJC_ISA_USAGE = YES_ERROR;
				CLANG_WARN_DOCUMENTATION_COMMENTS = YES;
				CLANG_WARN_EMPTY_BODY = YES;
				CLANG_WARN_ENUM_CONVERSION = YES;
				CLANG_WARN_INFINITE_RECURSION = YES;
				CLANG_WARN_INT_CONVERSION = YES;
				CLANG_WARN_NON_LITERAL_NULL_CONVERSION = YES;
				CLANG_WARN_OBJC_IMPLICIT_RETAIN_SELF = YES;
				CLANG_WARN_OBJC_LITERAL_CONVERSION = YES;
				CLANG_WARN_OBJC_ROOT_CLASS = YES_ERROR;
				CLANG_WARN_QUOTED_INCLUDE_IN_FRAMEWORK_HEADER = YES;
				CLANG_WARN_RANGE_LOOP_ANALYSIS = YES;
				CLANG_WARN_STRICT_PROTOTYPES = YES;
				CLANG_WARN_SUSPICIOUS_MOVE = YES;
				CLANG_WARN_UNGUARDED_AVAILABILITY = YES_AGGRESSIVE;
				CLANG_WARN_UNREACHABLE_CODE = YES;
				CLANG_WARN__DUPLICATE_METHOD_MATCH = YES;
				COPY_PHASE_STRIP = NO;
				DEBUG_INFORMATION_FORMAT = "dwarf-with-dsym";
				ENABLE_NS_ASSERTIONS = NO;
				ENABLE_STRICT_OBJC_MSGSEND = YES;
				ENABLE_USER_SCRIPT_SANDBOXING = YES;
				GCC_C_LANGUAGE_STANDARD = gnu17;
				GCC_NO_COMMON_BLOCKS = YES;
				GCC_WARN_64_TO_32_BIT_CONVERSION = YES;
				GCC_WARN_ABOUT_RETURN_TYPE = YES_ERROR;
				GCC_WARN_UNDECLARED_SELECTOR = YES;
				GCC_WARN_UNINITIALIZED_AUTOS = YES_AGGRESSIVE;
				GCC_WARN_UNUSED_FUNCTION = YES;
				GCC_WARN_UNUSED_VARIABLE = YES;
				IPHONEOS_DEPLOYMENT_TARGET = 18.5;
				LOCALIZATION_PREFERS_STRING_CATALOGS = YES;
				MTL_ENABLE_DEBUG_INFO = NO;
				MTL_FAST_MATH = YES;
				SDKROOT = iphoneos;
				SWIFT_COMPILATION_MODE = wholemodule;
				VALIDATE_PRODUCT = YES;
			};
			name = Release;
		};
		3FD88F0F2ECD9B6E004FD6A4 /* Debug */ = {
			isa = XCBuildConfiguration;
			buildSettings = {
				ASSETCATALOG_COMPILER_APPICON_NAME = AppIcon;
				ASSETCATALOG_COMPILER_GLOBAL_ACCENT_COLOR_NAME = AccentColor;
				CODE_SIGN_STYLE = Automatic;
				CURRENT_PROJECT_VERSION = 1;
				ENABLE_PREVIEWS = YES;
				GENERATE_INFOPLIST_FILE = YES;
				INFOPLIST_KEY_UIApplicationSceneManifest_Generation = YES;
				INFOPLIST_KEY_UIApplicationSupportsIndirectInputEvents = YES;
				INFOPLIST_KEY_UILaunchScreen_Generation = YES;
				INFOPLIST_KEY_UISupportedInterfaceOrientations_iPad = "UIInterfaceOrientationPortrait UIInterfaceOrientationPortraitUpsideDown UIInterfaceOrientationLandscapeLeft UIInterfaceOrientationLandscapeRight";
				INFOPLIST_KEY_UISupportedInterfaceOrientations_iPhone = "UIInterfaceOrientationPortrait UIInterfaceOrientationLandscapeLeft UIInterfaceOrientationLandscapeRight";
				LD_RUNPATH_SEARCH_PATHS = (
					"$(inherited)",
					"@executable_path/Frameworks",
				);
				MARKETING_VERSION = 1.0;
				PRODUCT_BUNDLE_IDENTIFIER = kr.ac.kumoh.ce.s20230191.S25W12URLSession;
				PRODUCT_NAME = "$(TARGET_NAME)";
				SWIFT_EMIT_LOC_STRINGS = YES;
				SWIFT_VERSION = 5.0;
				TARGETED_DEVICE_FAMILY = "1,2";
			};
			name = Debug;
		};
		3FD88F102ECD9B6E004FD6A4 /* Release */ = {
			isa = XCBuildConfiguration;
			buildSettings = {
				ASSETCATALOG_COMPILER_APPICON_NAME = AppIcon;
				ASSETCATALOG_COMPILER_GLOBAL_ACCENT_COLOR_NAME = AccentColor;
				CODE_SIGN_STYLE = Automatic;
				CURRENT_PROJECT_VERSION = 1;
				ENABLE_PREVIEWS = YES;
				GENERATE_INFOPLIST_FILE = YES;
				INFOPLIST_KEY_UIApplicationSceneManifest_Generation = YES;
				INFOPLIST_KEY_UIApplicationSupportsIndirectInputEvents = YES;
				INFOPLIST_KEY_UILaunchScreen_Generation = YES;
				INFOPLIST_KEY_UISupportedInterfaceOrientations_iPad = "UIInterfaceOrientationPortrait UIInterfaceOrientationPortraitUpsideDown UIInterfaceOrientationLandscapeLeft UIInterfaceOrientationLandscapeRight";
				INFOPLIST_KEY_UISupportedInterfaceOrientations_iPhone = "UIInterfaceOrientationPortrait UIInterfaceOrientationLandscapeLeft UIInterfaceOrientationLandscapeRight";
				LD_RUNPATH_SEARCH_PATHS = (
					"$(inherited)",
					"@executable_path/Frameworks",
				);
				MARKETING_VERSION = 1.0;
				PRODUCT_BUNDLE_IDENTIFIER = kr.ac.kumoh.ce.s20230191.S25W12URLSession;
				PRODUCT_NAME = "$(TARGET_NAME)";
				SWIFT_EMIT_LOC_STRINGS = YES;
				SWIFT_VERSION = 5.0;
				TARGETED_DEVICE_FAMILY = "1,2";
			};
			name = Release;
		};
		3FD88F122ECD9B6E004FD6A4 /* Debug */ = {
			isa = XCBuildConfiguration;
			buildSettings = {
				BUNDLE_LOADER = "$(TEST_HOST)";
				CODE_SIGN_STYLE = Automatic;
				CURRENT_PROJECT_VERSION = 1;
				GENERATE_INFOPLIST_FILE = YES;
				IPHONEOS_DEPLOYMENT_TARGET = 18.5;
				MARKETING_VERSION = 1.0;
				PRODUCT_BUNDLE_IDENTIFIER = kr.ac.kumoh.ce.s20230191.S25W12URLSessionTests;
				PRODUCT_NAME = "$(TARGET_NAME)";
				SWIFT_EMIT_LOC_STRINGS = NO;
				SWIFT_VERSION = 5.0;
				TARGETED_DEVICE_FAMILY = "1,2";
				TEST_HOST = "$(BUILT_PRODUCTS_DIR)/S25W12URLSession.app/$(BUNDLE_EXECUTABLE_FOLDER_PATH)/S25W12URLSession";
			};
			name = Debug;
		};
		3FD88F132ECD9B6E004FD6A4 /* Release */ = {
			isa = XCBuildConfiguration;
			buildSettings = {
				BUNDLE_LOADER = "$(TEST_HOST)";
				CODE_SIGN_STYLE = Automatic;
				CURRENT_PROJECT_VERSION = 1;
				GENERATE_INFOPLIST_FILE = YES;
				IPHONEOS_DEPLOYMENT_TARGET = 18.5;
				MARKETING_VERSION = 1.0;
				PRODUCT_BUNDLE_IDENTIFIER = kr.ac.kumoh.ce.s20230191.S25W12URLSessionTests;
				PRODUCT_NAME = "$(TARGET_NAME)";
				SWIFT_EMIT_LOC_STRINGS = NO;
				SWIFT_VERSION = 5.0;
				TARGETED_DEVICE_FAMILY = "1,2";
				TEST_HOST = "$(BUILT_PRODUCTS_DIR)/S25W12URLSession.app/$(BUNDLE_EXECUTABLE_FOLDER_PATH)/S25W12URLSession";
			};
			name = Release;
		};
		3FD88F152ECD9B6E004FD6A4 /* Debug */ = {
			isa = XCBuildConfiguration;
			buildSettings = {
				CODE_SIGN_STYLE = Automatic;
				CURRENT_PROJECT_VERSION = 1;
				GENERATE_INFOPLIST_FILE = YES;
				MARKETING_VERSION = 1.0;
				PRODUCT_BUNDLE_IDENTIFIER = kr.ac.kumoh.ce.s20230191.S25W12URLSessionUITests;
				PRODUCT_NAME = "$(TARGET_NAME)";
				SWIFT_EMIT_LOC_STRINGS = NO;
				SWIFT_VERSION = 5.0;
				TARGETED_DEVICE_FAMILY = "1,2";
				TEST_TARGET_NAME = S25W12URLSession;
			};
			name = Debug;
		};
		3FD88F162ECD9B6E004FD6A4 /* Release */ = {
			isa = XCBuildConfiguration;
			buildSettings = {
				CODE_SIGN_STYLE = Automatic;
				CURRENT_PROJECT_VERSION = 1;
				GENERATE_INFOPLIST_FILE = YES;
				MARKETING_VERSION = 1.0;
				PRODUCT_BUNDLE_IDENTIFIER = kr.ac.kumoh.ce.s20230191.S25W12URLSessionUITests;
				PRODUCT_NAME = "$(TARGET_NAME)";
				SWIFT_EMIT_LOC_STRINGS = NO;
				SWIFT_VERSION = 5.0;
				TARGETED_DEVICE_FAMILY = "1,2";
				TEST_TARGET_NAME = S25W12URLSession;
			};
			name = Release;
		};
/* End XCBuildConfiguration section */

/* Begin XCConfigurationList section */
		3FD88EE82ECD9B6D004FD6A4 /* Build configuration list for PBXProject "S25W12URLSession" */ = {
			isa = XCConfigurationList;
			buildConfigurations = (
				3FD88F0C2ECD9B6E004FD6A4 /* Debug */,
				3FD88F0D2ECD9B6E004FD6A4 /* Release */,
			);
			defaultConfigurationIsVisible = 0;
			defaultConfigurationName = Release;
		};
		3FD88F0E2ECD9B6E004FD6A4 /* Build configuration list for PBXNativeTarget "S25W12URLSession" */ = {
			isa = XCConfigurationList;
			buildConfigurations = (
				3FD88F0F2ECD9B6E004FD6A4 /* Debug */,
				3FD88F102ECD9B6E004FD6A4 /* Release */,
			);
			defaultConfigurationIsVisible = 0;
			defaultConfigurationName = Release;
		};
		3FD88F112ECD9B6E004FD6A4 /* Build configuration list for PBXNativeTarget "S25W12URLSessionTests" */ = {
			isa = XCConfigurationList;
			buildConfigurations = (
				3FD88F122ECD9B6E004FD6A4 /* Debug */,
				3FD88F132ECD9B6E004FD6A4 /* Release */,
			);
			defaultConfigurationIsVisible = 0;
			defaultConfigurationName = Release;
		};
		3FD88F142ECD9B6E004FD6A4 /* Build configuration list for PBXNativeTarget "S25W12URLSessionUITests" */ = {
			isa = XCConfigurationList;
			buildConfigurations = (
				3FD88F152ECD9B6E004FD6A4 /* Debug */,
				3FD88F162ECD9B6E004FD6A4 /* Release */,
			);
			defaultConfigurationIsVisible = 0;
			defaultConfigurationName = Release;
		};
/* End XCConfigurationList section */
	};
	rootObject = 3FD88EE52ECD9B6D004FD6A4 /* Project object */;
}
